
Microsoft Visual Studio Solution File, Format Version 12.00
# Visual Studio 2013
VisualStudioVersion = 12.0.30110.0
MinimumVisualStudioVersion = 10.0.40219.1
Project("{FAE04EC0-301F-11D3-BF4B-00C04F79EFBC}") = "Tridion.Extensions.ContentManager", "Tridion.Extensions.ContentManager\Tridion.Extensions.ContentManager.csproj", "{AC8EE47F-56F6-43E1-8924-735DDFFAA416}"
EndProject
Project("{FAE04EC0-301F-11D3-BF4B-00C04F79EFBC}") = "Tridion.Extensions.CoreService", "Tridion.Extensions.CoreService\Tridion.Extensions.CoreService.csproj", "{D9BD8EA2-E6B6-46BE-8A2D-3B220EE6C0D0}"
EndProject
Global
	GlobalSection(SolutionConfigurationPlatforms) = preSolution
		Debug|Any CPU = Debug|Any CPU
		Release|Any CPU = Release|Any CPU
	EndGlobalSection
	GlobalSection(ProjectConfigurationPlatforms) = postSolution
		{AC8EE47F-56F6-43E1-8924-735DDFFAA416}.Debug|Any CPU.ActiveCfg = Debug|Any CPU
		{AC8EE47F-56F6-43E1-8924-735DDFFAA416}.Debug|Any CPU.Build.0 = Debug|Any CPU
		{AC8EE47F-56F6-43E1-8924-735DDFFAA416}.Release|Any CPU.ActiveCfg = Release|Any CPU
		{AC8EE47F-56F6-43E1-8924-735DDFFAA416}.Release|Any CPU.Build.0 = Release|Any CPU
		{D9BD8EA2-E6B6-46BE-8A2D-3B220EE6C0D0}.Debug|Any CPU.ActiveCfg = Debug|Any CPU
		{D9BD8EA2-E6B6-46BE-8A2D-3B220EE6C0D0}.Debug|Any CPU.Build.0 = Debug|Any CPU
		{D9BD8EA2-E6B6-46BE-8A2D-3B220EE6C0D0}.Release|Any CPU.ActiveCfg = Release|Any CPU
		{D9BD8EA2-E6B6-46BE-8A2D-3B220EE6C0D0}.Release|Any CPU.Build.0 = Release|Any CPU
	EndGlobalSection
	GlobalSection(SolutionProperties) = preSolution
		HideSolutionNode = FALSE
	EndGlobalSection
EndGlobal
